{
  "name": "tutorial",
  "lockfileVersion": 3,
  "requires": true,
  "packages": {
    "": {
      "dependencies": {
        "project": "^0.1.6"
      }
    },
    "node_modules/project": {
      "version": "0.1.6",
      "resolved": "https://registry.npmjs.org/project/-/project-0.1.6.tgz",
      "integrity": "sha512-FwZWeyXMzcyCqd5tYFK/EAbpMfVwZPHpFPvPPyxdJnVu6viLzHehUMX4cTimm/oswMSdnVqY2a1naNM5jBF9qg==",
      "license": "MIT",
      "bin": {
        "project": "bin/project"
      },
      "engines": {
        "node": "*"
      }
    }
  }
}
